{"SurveyEntry":{"SurveyID":"SV_cUgcMhpZQASGbKS","SurveyName":"ai-attribution-in-cs-ed-master","SurveyDescription":null,"SurveyOwnerID":"UR_8iEuPUjhnh2wGSa","SurveyBrandID":"rotman","DivisionID":null,"SurveyLanguage":"EN","SurveyActiveResponseSet":"RS_eg2XrvE4N0k5xEa","SurveyStatus":"Active","SurveyStartDate":"0000-00-00 00:00:00","SurveyExpirationDate":"0000-00-00 00:00:00","SurveyCreationDate":"2025-11-08 21:22:11","CreatorID":"UR_8iEuPUjhnh2wGSa","LastModified":"2025-11-11 13:00:59","LastAccessed":"0000-00-00 00:00:00","LastActivated":"2025-11-11 12:05:38","Deleted":null},"SurveyElements":[{"SurveyID":"SV_cUgcMhpZQASGbKS","Element":"BL","PrimaryAttribute":"Survey Blocks","SecondaryAttribute":null,"TertiaryAttribute":null,"Payload":[{"Type":"Default","Description":"consent","ID":"BL_e4JxYPZWtqGQhue","BlockElements":[{"Type":"Question","QuestionID":"QID1"},{"Type":"Question","QuestionID":"QID2"}],"Options":{"BlockLocking":"false","RandomizeQuestions":"false","BlockVisibility":"Collapsed"}},{"Type":"Trash","Description":"Trash \/ Unused Questions","ID":"BL_0IpVHgowEPh73JI","BlockElements":[{"Type":"Question","QuestionID":"QID29"},{"Type":"Question","QuestionID":"QID45"},{"Type":"Question","QuestionID":"QID9"},{"Type":"Question","QuestionID":"QID17"},{"Type":"Question","QuestionID":"QID52"}]},{"Type":"Standard","SubType":"","Description":"demographic","ID":"BL_b7T3XKfmFJjGa3Q","BlockElements":[{"Type":"Question","QuestionID":"QID3"},{"Type":"Question","QuestionID":"QID4"}],"Options":{"BlockLocking":"false","RandomizeQuestions":"false","BlockVisibility":"Collapsed"}},{"Type":"Standard","SubType":"","Description":"demographic-student","ID":"BL_7NIi3WKA9GSnJSC","BlockElements":[{"Type":"Question","QuestionID":"QID5"},{"Type":"Question","QuestionID":"QID6"},{"Type":"Question","QuestionID":"QID7"},{"Type":"Question","QuestionID":"QID46"},{"Type":"Question","QuestionID":"QID8"}],"Options":{"BlockLocking":"false","RandomizeQuestions":"false","BlockVisibility":"Collapsed"}},{"Type":"Standard","SubType":"","Description":"ai-attribution-practice-student","ID":"BL_bDYx9BvJIqPkAho","BlockElements":[{"Type":"Question","QuestionID":"QID12"},{"Type":"Question","QuestionID":"QID13"},{"Type":"Question","QuestionID":"QID14"},{"Type":"Question","QuestionID":"QID15"},{"Type":"Question","QuestionID":"QID16"},{"Type":"Question","QuestionID":"QID18"},{"Type":"Question","QuestionID":"QID20"},{"Type":"Question","QuestionID":"QID21"},{"Type":"Question","QuestionID":"QID19"}],"Options":{"BlockLocking":"false","RandomizeQuestions":"false","BlockVisibility":"Collapsed"}},{"Type":"Standard","SubType":"","Description":"demographic-staff","ID":"BL_4I5fU9lWyhMIu4C","BlockElements":[{"Type":"Question","QuestionID":"QID49"},{"Type":"Question","QuestionID":"QID50"},{"Type":"Question","QuestionID":"QID10"},{"Type":"Question","QuestionID":"QID11"}],"Options":{"BlockLocking":"false","RandomizeQuestions":"false","BlockVisibility":"Expanded"}},{"Type":"Standard","SubType":"","Description":"ai-attribution-practice-staff","ID":"BL_4YZIrQMRXYMyxCK","BlockElements":[{"Type":"Question","QuestionID":"QID22"},{"Type":"Question","QuestionID":"QID23"},{"Type":"Question","QuestionID":"QID24"},{"Type":"Question","QuestionID":"QID25"},{"Type":"Question","QuestionID":"QID26"},{"Type":"Question","QuestionID":"QID27"},{"Type":"Question","QuestionID":"QID30"},{"Type":"Question","QuestionID":"QID28"}],"Options":{"BlockLocking":"false","RandomizeQuestions":"false","BlockVisibility":"Expanded"}},{"Type":"Standard","SubType":"","Description":"per-vignette (staff&student)","ID":"BL_8xeykGPs5f8ULQy","BlockElements":[{"Type":"Question","QuestionID":"QID31"},{"Type":"Question","QuestionID":"QID32"},{"Type":"Question","QuestionID":"QID33"},{"Type":"Page Break"},{"Type":"Question","QuestionID":"QID34"},{"Type":"Question","QuestionID":"QID35"},{"Type":"Question","QuestionID":"QID36"},{"Type":"Question","QuestionID":"QID37"},{"Type":"Page Break"},{"Type":"Question","QuestionID":"QID38"},{"Type":"Question","QuestionID":"QID39"},{"Type":"Question","QuestionID":"QID40"},{"Type":"Page Break"},{"Type":"Question","QuestionID":"QID41"},{"Type":"Question","QuestionID":"QID42"},{"Type":"Question","QuestionID":"QID47"},{"Type":"Question","QuestionID":"QID48"}],"Options":{"BlockLocking":"false","RandomizeQuestions":"false","BlockVisibility":"Collapsed"}},{"Type":"Standard","SubType":"","Description":"post-vig-reflect","ID":"BL_7UJh1skuAhde79c","BlockElements":[{"Type":"Question","QuestionID":"QID43"},{"Type":"Question","QuestionID":"QID51"},{"Type":"Question","QuestionID":"QID44"}],"Options":{"BlockLocking":"false","RandomizeQuestions":"false","BlockVisibility":"Expanded"}},{"Type":"Standard","SubType":"","Description":"S1","ID":"BL_9za7vBZGWQqAZts","BlockElements":[{"Type":"Question","QuestionID":"QID53"}],"Options":{"BlockLocking":"false","RandomizeQuestions":"false","BlockVisibility":"Collapsed"}},{"Type":"Standard","SubType":"","Description":"S2","ID":"BL_2bMaqXeV1EXBJn8","BlockElements":[{"Type":"Question","QuestionID":"QID54"}],"Options":{"BlockLocking":false,"RandomizeQuestions":"false","BlockVisibility":"Expanded"}}]},{"SurveyID":"SV_cUgcMhpZQASGbKS","Element":"FL","PrimaryAttribute":"Survey Flow","SecondaryAttribute":null,"TertiaryAttribute":null,"Payload":{"Type":"Root","FlowID":"FL_1","Flow":[{"Type":"Block","ID":"BL_e4JxYPZWtqGQhue","FlowID":"FL_2","Autofill":[]},{"Type":"Standard","ID":"BL_b7T3XKfmFJjGa3Q","FlowID":"FL_3","Autofill":[]},{"Type":"Branch","FlowID":"FL_11","Description":"New Branch","BranchLogic":{"0":{"0":{"LogicType":"EmbeddedField","LeftOperand":"Role","Operator":"EqualTo","RightOperand":"Student","_HiddenExpression":false,"Type":"Expression","Description":"<span class=\"ConjDesc\">If<\/span> <span class=\"LeftOpDesc\">Role<\/span> <span class=\"OpDesc\">Is Equal to<\/span> <span class=\"RightOpDesc\"> Student <\/span>"},"Type":"If"},"Type":"BooleanExpression"},"Flow":[{"Type":"Standard","ID":"BL_7NIi3WKA9GSnJSC","FlowID":"FL_4","Autofill":[]},{"Type":"Standard","ID":"BL_bDYx9BvJIqPkAho","FlowID":"FL_17","Autofill":[]},{"Type":"BlockRandomizer","FlowID":"FL_29","SubSet":"1","EvenPresentation":true,"Flow":[{"Type":"Group","FlowID":"FL_16","Description":"S1","Flow":[{"Type":"Standard","ID":"BL_9za7vBZGWQqAZts","FlowID":"FL_27","Autofill":[]},{"Type":"Standard","ID":"BL_8xeykGPs5f8ULQy","FlowID":"FL_18","Autofill":[]},{"Type":"Standard","ID":"BL_7UJh1skuAhde79c","FlowID":"FL_19","Autofill":[]}]},{"Type":"Group","FlowID":"FL_30","Description":"S2","Flow":[{"Type":"Standard","ID":"BL_2bMaqXeV1EXBJn8","FlowID":"FL_28","Autofill":[]},{"Type":"Standard","ID":"BL_8xeykGPs5f8ULQy","FlowID":"FL_32","Autofill":[]},{"Type":"Standard","ID":"BL_7UJh1skuAhde79c","FlowID":"FL_33","Autofill":[]}]}]}]},{"Type":"Branch","FlowID":"FL_20","Description":"New Branch","BranchLogic":{"0":{"0":{"LogicType":"EmbeddedField","LeftOperand":"Role","Operator":"EqualTo","RightOperand":"Teaching","_HiddenExpression":false,"Type":"Expression","Description":"<span class=\"ConjDesc\">If<\/span> <span class=\"LeftOpDesc\">Role<\/span> <span class=\"OpDesc\">Is Equal to<\/span> <span class=\"RightOpDesc\"> Teaching <\/span>"},"Type":"If"},"Type":"BooleanExpression"},"Flow":[{"Type":"Standard","ID":"BL_4I5fU9lWyhMIu4C","FlowID":"FL_6","Autofill":[]},{"Type":"Standard","ID":"BL_4YZIrQMRXYMyxCK","FlowID":"FL_7","Autofill":[]},{"Type":"Group","FlowID":"FL_23","Description":"S1","Flow":[{"Type":"Standard","ID":"BL_8xeykGPs5f8ULQy","FlowID":"FL_24","Autofill":[]},{"Type":"Standard","ID":"BL_7UJh1skuAhde79c","FlowID":"FL_25","Autofill":[]}]}]},{"Type":"EndSurvey","FlowID":"FL_26"}],"Properties":{"Count":33}}},{"SurveyID":"SV_cUgcMhpZQASGbKS","Element":"PL","PrimaryAttribute":"Preview Link","SecondaryAttribute":null,"TertiaryAttribute":null,"Payload":{"PreviewType":"Brand","PreviewID":"b7337b84-1177-44fe-9967-e65b2aac2b42"}},{"SurveyID":"SV_cUgcMhpZQASGbKS","Element":"PROJ","PrimaryAttribute":"CORE","SecondaryAttribute":null,"TertiaryAttribute":"1.1.0","Payload":{"ProjectCategory":"CORE","SchemaVersion":"1.1.0"}},{"SurveyID":"SV_cUgcMhpZQASGbKS","Element":"QC","PrimaryAttribute":"Survey Question Count","SecondaryAttribute":"54","TertiaryAttribute":null,"Payload":null},{"SurveyID":"SV_cUgcMhpZQASGbKS","Element":"RS","PrimaryAttribute":"RS_eg2XrvE4N0k5xEa","SecondaryAttribute":"Default Response Set","TertiaryAttribute":null,"Payload":null},{"SurveyID":"SV_cUgcMhpZQASGbKS","Element":"SCO","PrimaryAttribute":"Scoring","SecondaryAttribute":null,"TertiaryAttribute":null,"Payload":{"ScoringCategories":[],"ScoringCategoryGroups":[],"ScoringSummaryCategory":null,"ScoringSummaryAfterQuestions":0,"ScoringSummaryAfterSurvey":0,"DefaultScoringCategory":null,"AutoScoringCategory":null}},{"SurveyID":"SV_cUgcMhpZQASGbKS","Element":"SO","PrimaryAttribute":"Survey Options","SecondaryAttribute":null,"TertiaryAttribute":null,"Payload":{"BackButton":"true","SaveAndContinue":"true","SurveyProtection":"PublicSurvey","BallotBoxStuffingPrevention":"false","NoIndex":"Yes","SecureResponseFiles":"true","SurveyExpiration":"None","SurveyTermination":"DefaultMessage","Header":"","Footer":"","ProgressBarDisplay":"Text","PartialData":"+1 week","ValidationMessage":null,"PreviousButton":" \u2190 ","NextButton":" \u2192 ","SurveyTitle":"Qualtrics Survey | Qualtrics Experience Management","SkinLibrary":"rotman","SkinType":"templated","Skin":{"brandingId":null,"templateId":"*modern","overrides":null},"NewScoring":1,"SurveyMetaDescription":"The most powerful, simple and trusted way to gather experience data. Start your journey to experience management and try a free account today.","SurveyName":"ai-attribution-in-cs-ed-master","EOSMessage":null,"ShowExportTags":"false","CollectGeoLocation":"false","PasswordProtection":"No","AnonymizeResponse":"No","RefererCheck":"No","BallotBoxStuffingPreventionBehavior":null,"BallotBoxStuffingPreventionMessage":null,"BallotBoxStuffingPreventionMessageLibrary":null,"BallotBoxStuffingPreventionURL":null,"RecaptchaV3":"false","ConfirmStart":false,"AutoConfirmStart":false,"RelevantID":"false","RelevantIDLockoutPeriod":"+30 days","UseCustomSurveyLinkCompletedMessage":null,"SurveyLinkCompletedMessage":null,"SurveyLinkCompletedMessageLibrary":null,"ResponseSummary":"No","EOSMessageLibrary":null,"EOSRedirectURL":null,"EmailThankYou":"false","ThankYouEmailMessageLibrary":null,"ThankYouEmailMessage":null,"ValidateMessage":"false","ValidationMessageLibrary":null,"InactiveSurvey":"DefaultMessage","PartialDeletion":null,"PartialDataCloseAfter":"LastActivity","InactiveMessageLibrary":null,"InactiveMessage":null,"AvailableLanguages":{"EN":[]},"CustomStyles":{"customCSS":".Skin, .SkinInner {width:100% !important;}\n.Skin .QuestionOuter.Matrix{ max-width: 100%; }\n\n.question-display{\n  width: 100% !important;\n  min-width: 100% !important;\n}\n\n.Skin .QuestionText {\n    font-size: 22px;\n    padding: 0;\n    font-weight: 400;\n    color: #393939;\n    padding-bottom: 30px;\n    margin: 0 auto;\n    max-width: 1200px !important;\n    line-height: 24px;\n}"}}},{"SurveyID":"SV_cUgcMhpZQASGbKS","Element":"SQ","PrimaryAttribute":"QID1","SecondaryAttribute":"Consent Form for Participation in a Research Study TL;DR: We de-identify your data and DO NOT SHA...","TertiaryAttribute":null,"Payload":{"QuestionText":"<p dir=\"ltr\"><b id=\"docs-internal-guid-ad331929-7fff-f333-b2a4-6ca5c7a5041b\">Consent Form for Participation in a Research Study<\/b><br>\n<br>\n<strong><i>TL;DR: We de-identify your data and DO NOT SHARE any of your responses before aggregating all responses in bulk;&nbsp;<\/i><i>this means that your course instructor(s) and the university will not know what you say here. The data is used ONLY USED FOR RESEARCH to better understand AI attribution norms, and related research projects. Compensation will be provided upon&nbsp;<\/i><u>successful<\/u><i>&nbsp;completion of the survey and confirmation that appropriate effort has been demonstrated (i.e., please read and answer the following question carefully, and to the best of your ability).<\/i><\/strong><br>\n&nbsp;<\/p>\n\n<p dir=\"ltr\">----<br>\n&nbsp;<\/p>\n\n<p dir=\"ltr\"><b id=\"docs-internal-guid-ad331929-7fff-f333-b2a4-6ca5c7a5041b\">Principal Investigators:&nbsp;<\/b>Dr. Michael Liut,&nbsp;Assistant Professor at the University of Toronto&nbsp;<\/p>\n\n<p dir=\"ltr\"><b id=\"docs-internal-guid-ad331929-7fff-f333-b2a4-6ca5c7a5041b\">Study Title:&nbsp;<\/b>Perceptions of AI Contribution and Attribution in Higher Education in Computing Education<\/p>\n\n<p dir=\"ltr\"><b id=\"docs-internal-guid-ad331929-7fff-f333-b2a4-6ca5c7a5041b\">Supported By:&nbsp;<\/b>University of Toronto<\/p>\n\n<p dir=\"ltr\"><b id=\"docs-internal-guid-ad331929-7fff-f333-b2a4-6ca5c7a5041b\">&nbsp;<\/b><\/p>\n\n<p dir=\"ltr\"><b id=\"docs-internal-guid-ad331929-7fff-f333-b2a4-6ca5c7a5041b\">WHAT IS THIS FORM?<\/b><\/p>\n\n<p dir=\"ltr\">This form is called a Consent Form. It will give you information about the study so you can make an informed decision about participation in this research. We encourage you to take some time to think this over and ask questions now and at any other time. If you decide to participate, you will be asked to sign this form and you will be given a copy for your records.<\/p>\n&nbsp;\n\n<p dir=\"ltr\"><b id=\"docs-internal-guid-ad331929-7fff-f333-b2a4-6ca5c7a5041b\">WHAT ARE SOME OF THE IMPORTANT ASPECTS OF THIS RESEARCH STUDY THAT I SHOULD BE AWARE OF?<\/b><\/p>\n\n<ul>\n\t<li aria-level=\"1\" dir=\"ltr\">\n\t<p dir=\"ltr\" role=\"presentation\">You can choose not to take part.<\/p>\n\t<\/li>\n\t<li aria-level=\"1\" dir=\"ltr\">\n\t<p dir=\"ltr\" role=\"presentation\">You can agree to take part and later change your mind.<\/p>\n\t<\/li>\n\t<li aria-level=\"1\" dir=\"ltr\">\n\t<p dir=\"ltr\" role=\"presentation\">Your decision will not be held against you.<\/p>\n\t<\/li>\n<\/ul>\n&nbsp;\n\n<p dir=\"ltr\"><b id=\"docs-internal-guid-ad331929-7fff-f333-b2a4-6ca5c7a5041b\">WHY ARE WE DOING THIS RESEARCH STUDY?<\/b><\/p>\n\n<article data-scroll-anchor=\"true\" data-testid=\"conversation-turn-2\" dir=\"auto\">\n<p data-end=\"306\" data-is-last-node=\"\" data-is-only-node=\"\" data-start=\"43\">We aim to understand how students engage with large language-model (LLM) coding tools and to assess the tools\u2019 effectiveness in supporting the learning process. The findings will inform the design of future tools that more effectively support students\u2019 coding practices.<br>\n<br>\nWe aim to understand how students and instructional staff perceive the use of AI in various scenarios as part of a range of different deliverables. The finding will inform the broader educational practitioner in setting norms of AI attribution, and human-computer interaction researchers in develop better interactions.<br>\n&nbsp;<\/p>\n<\/article>\n\n<p dir=\"ltr\"><b id=\"docs-internal-guid-ad331929-7fff-f333-b2a4-6ca5c7a5041b\">WHO CAN PARTICIPATE IN THIS RESEARCH STUDY?<\/b><\/p>\n\n<p dir=\"ltr\">Any students or instructional staff who are at least 18 years of age and have experience using LLM may participate in this research study.<\/p>\n&nbsp;\n\n<p dir=\"ltr\"><b id=\"docs-internal-guid-ad331929-7fff-f333-b2a4-6ca5c7a5041b\">HOW MANY PEOPLE WILL PARTICIPATE?<\/b><\/p>\n\n<p dir=\"ltr\">We anticipate that 200-300 people will participate in this research study.&nbsp;<\/p>\n&nbsp;\n\n<p dir=\"ltr\"><b id=\"docs-internal-guid-fc7e7d2d-7fff-fbe8-b221-f32b959c29f0\">WHAT WILL I BE ASKED TO DO AND HOW MUCH TIME WILL IT TAKE?&nbsp;<\/b><\/p>\n\n<ul>\n\t<li><ul>\n\t\t<li>The overall survey should take approximately 30 minutes, and your completion will give you an entry to the gift card raffle. We will raffle 30 gift cards, each worth <u>CAD$20<\/u>. You will be contacted separately via the email you supplied if you win the raffle!<\/li><li><u>Note<\/u>:&nbsp;Compensation will be provided upon&nbsp;<u>successful<\/u>&nbsp;completion of the survey and confirmation that appropriate effort has been demonstrated (i.e., please read and answer the following question carefully, and to the best of your ability). Additionally, we will use attention checks throughout this survey, failure to complete them correctly will automatically result in forfeiture of your compensation.&nbsp;&nbsp;<\/li>\n\t<\/ul>\n\t<\/li>\n<\/ul>\n&nbsp;\n\n<p dir=\"ltr\"><b id=\"docs-internal-guid-ad331929-7fff-f333-b2a4-6ca5c7a5041b\">WILL BEING IN THIS RESEARCH STUDY HELP ME IN ANY WAY?&nbsp;<\/b><\/p>\n\n<p dir=\"ltr\">You are not likely to have any direct benefit (aside from the $5 compensation) from being in this research study. TODO TODO<\/p>\n&nbsp;\n\n<p dir=\"ltr\"><b id=\"docs-internal-guid-ad331929-7fff-f333-b2a4-6ca5c7a5041b\">WHAT ARE MY RISKS OF BEING IN THIS RESEARCH STUDY?&nbsp;<\/b><\/p>\n\n<p dir=\"ltr\">Your participation in this study does not involve any risks other than what you would encounter in daily life. The effects of participating should be comparable to those you would experience from viewing a computer monitor and using a keyboard. You may withdraw at any time.<\/p>\n&nbsp;\n\n<p dir=\"ltr\"><b id=\"docs-internal-guid-ad331929-7fff-f333-b2a4-6ca5c7a5041b\">HOW WILL MY PERSONAL INFORMATION BE PROTECTED?&nbsp;<\/b><\/p>\nEfforts will be made to ensure the privacy and security of your personal information throughout the study.&nbsp;Our surveys are administered online through Qualtrics. De-identified data from this study may be shared among research teams at the University of Toronto. Only individuals who require access for research purposes, such as members of the research team will review your study-related records.\n\n<p dir=\"ltr\">&nbsp;<\/p>\n\n<p dir=\"ltr\"><b id=\"docs-internal-guid-ad331929-7fff-f333-b2a4-6ca5c7a5041b\">WHO CAN I TALK TO IF I HAVE QUESTIONS?<\/b><\/p>\n\n<p dir=\"ltr\">If you have questions about this project or if you have a research-related problem, you may contact the Principal Investigator, Dr. Michael Liut, at michael.liut@utoronto.ca (Dept. of Mathematical and Computational Sciences, University of Toronto Mississauga), lead PhD student Harry Ye, at harryye@cs.toronto.edu. For questions about your rights as a research participant, you may contact the Human Research Ethics Unit at ethics.review@utoronto.ca or 416-946-3273.<\/p>\n\n<p dir=\"ltr\">&nbsp;<\/p>\n\n<p dir=\"ltr\"><b id=\"docs-internal-guid-ad331929-7fff-f333-b2a4-6ca5c7a5041b\">WHAT HAPPENS IF I SAY YES, BUT I CHANGE MY MIND LATER?<\/b><\/p>\n\n<p dir=\"ltr\">You can decide not to participate in this research or you can start and then decide to leave the research at any time and it will not be held against you. To do so, simply exit the experiment. Any data already collected before submission will not be saved.<\/p>\n\n<p dir=\"ltr\">&nbsp;<\/p>\n\n<p dir=\"ltr\"><b>By clicking \u201cyes\u201d below you are indicating that you are at least 18 years old, have read this consent form, and agree to participate in this research study with these additional collection methods. However, as with all aspects of this study, participation is entirely voluntary and you may opt out of these particular activities if you choose to. Please print a copy of this page for your records.<\/b><\/p>\n<b>&nbsp;<\/b>","DataExportTag":"consent","QuestionType":"MC","Selector":"SAVR","SubSelector":"TX","DataVisibility":{"Private":false,"Hidden":false},"Configuration":{"QuestionDescriptionOption":"UseText"},"QuestionDescription":"Consent Form for Participation in a Research Study TL;DR: We de-identify your data and DO NOT SHA...","Choices":{"1":{"Display":"Yes"},"2":{"Display":"No"}},"ChoiceOrder":[1,2],"Validation":{"Settings":{"ForceResponse":"ON","ForceResponseType":"ON","Type":"None"}},"Language":[],"NextChoiceId":3,"NextAnswerId":1,"QuestionID":"QID1"}},{"SurveyID":"SV_cUgcMhpZQASGbKS","Element":"SQ","PrimaryAttribute":"QID10","SecondaryAttribute":"Number of courses you delivered as part of the instructional team in your career (i.e., as TA or...","TertiaryAttribute":null,"Payload":{"QuestionText":"<b>Number of courses<\/b> you delivered as part of the instructional team in your career (i.e., as TA or Course Instructor or Course Coordinator). <br><i>(Multiple roles\/sections of the same course in the same semester count as one (e.g., teaching 3 sections of CS1 in fall 2023 counts as 1).)<\/i>","DefaultChoices":false,"DataExportTag":"staff-course-count","QuestionType":"MC","Selector":"SAVR","SubSelector":"TX","DataVisibility":{"Private":false,"Hidden":false},"Configuration":{"QuestionDescriptionOption":"UseText"},"QuestionDescription":"Number of courses you delivered as part of the instructional team in your career (i.e., as TA or...","Choices":{"1":{"Display":"1"},"2":{"Display":"2-3"},"3":{"Display":"4-5"},"4":{"Display":"5+"}},"ChoiceOrder":[1,2,3,4],"Validation":{"Settings":{"ForceResponse":"ON","ForceResponseType":"ON","Type":"None"}},"GradingData":[],"Language":[],"NextChoiceId":5,"NextAnswerId":1,"QuestionID":"QID10"}},{"SurveyID":"SV_cUgcMhpZQASGbKS","Element":"SQ","PrimaryAttribute":"QID11","SecondaryAttribute":"What areas are you currently teaching, or have taught the most often? (e.g., 1st year intro to pr...","TertiaryAttribute":null,"Payload":{"QuestionText":"What <b>areas<\/b> are you currently <b>teaching<\/b>, or have taught the most often?<br><i>(e.g., 1st year intro to programming, 3rd year data science)<\/i><br>","DefaultChoices":false,"DataExportTag":"staff-course-area","QuestionType":"TE","Selector":"ML","DataVisibility":{"Private":false,"Hidden":false},"Configuration":{"QuestionDescriptionOption":"UseText"},"QuestionDescription":"What areas are you currently teaching, or have taught the most often? (e.g., 1st year intro to pr...","Validation":{"Settings":{"ForceResponse":"ON","ForceResponseType":"ON","Type":"None"}},"GradingData":[],"Language":[],"NextChoiceId":4,"NextAnswerId":1,"SearchSource":{"AllowFreeResponse":"false"},"QuestionID":"QID11"}},{"SurveyID":"SV_cUgcMhpZQASGbKS","Element":"SQ","PrimaryAttribute":"QID12","SecondaryAttribute":"Do your current computing courses officially\u00a0allow the use of AI\/LLM?","TertiaryAttribute":null,"Payload":{"QuestionText":"Do your current computing courses officially&nbsp;<b>allow<\/b> the <b>use of AI\/LLM<\/b>?","DefaultChoices":false,"DataExportTag":"course-allow-ai","QuestionType":"MC","Selector":"SAVR","SubSelector":"TX","DataVisibility":{"Private":false,"Hidden":false},"Configuration":{"QuestionDescriptionOption":"UseText"},"QuestionDescription":"Do your current computing courses officially\u00a0allow the use of AI\/LLM?","Choices":{"1":{"Display":"Yes, all of them (explicitly written\/spoken)"},"2":{"Display":"No, none of them (explicitly written\/spoken)"},"3":{"Display":"Not sure \/ don\u2019t know"},"4":{"Display":"Some allow, some do not allow \/ a mix of yes and no"},"5":{"Display":"No policy on the use of AI\/LLM"}},"ChoiceOrder":[1,"4",2,3,"5"],"Validation":{"Settings":{"ForceResponse":"ON","ForceResponseType":"ON","Type":"None"}},"GradingData":[],"Language":[],"NextChoiceId":6,"NextAnswerId":1,"QuestionID":"QID12"}},{"SurveyID":"SV_cUgcMhpZQASGbKS","Element":"SQ","PrimaryAttribute":"QID13","SecondaryAttribute":"What does the policy state are the acceptable\/permitted uses of AI for these courses? (If you are...","TertiaryAttribute":null,"Payload":{"QuestionText":"What does the <b>policy<\/b> state are the acceptable\/permitted uses of AI for these courses? <br>(If you are unsure, or policy are not clear, enter \"not sure\")","DefaultChoices":false,"DataExportTag":"course-allow-ai-type","QuestionType":"TE","Selector":"ML","DataVisibility":{"Private":false,"Hidden":false},"Configuration":{"QuestionDescriptionOption":"UseText"},"QuestionDescription":"What does the policy state are the acceptable\/permitted uses of AI for these courses? (If you are...","Validation":{"Settings":{"ForceResponse":"ON","ForceResponseType":"ON","Type":"None"}},"GradingData":[],"Language":[],"NextChoiceId":4,"NextAnswerId":1,"SearchSource":{"AllowFreeResponse":"false"},"QuestionID":"QID13","DisplayLogic":{"0":{"0":{"ChoiceLocator":"q:\/\/QID12\/SelectableChoice\/1","Description":"<span class=\"ConjDesc\">If<\/span> <span class=\"QuestionDesc\">Do your current computing courses officially&nbsp;allow the use of AI\/LLM?<\/span> <span class=\"LeftOpDesc\">Yes, all of them (explicitly written\/spoken)<\/span> <span class=\"OpDesc\">Is Selected<\/span> ","LeftOperand":"q:\/\/QID12\/SelectableChoice\/1","LogicType":"Question","Operator":"Selected","QuestionID":"QID12","QuestionIDFromLocator":"QID12","QuestionIsInLoop":"no","Type":"Expression"},"1":{"ChoiceLocator":"q:\/\/QID12\/SelectableChoice\/4","Conjuction":"Or","Description":"<span class=\"ConjDesc\">Or<\/span> <span class=\"QuestionDesc\">Do your current computing courses officially&nbsp;allow the use of AI\/LLM?<\/span> <span class=\"LeftOpDesc\">Some allow, some do not allow \/ a mix of yes and no<\/span> <span class=\"OpDesc\">Is Selected<\/span> ","LeftOperand":"q:\/\/QID12\/SelectableChoice\/4","LogicType":"Question","Operator":"Selected","QuestionID":"QID12","QuestionIDFromLocator":"QID12","QuestionIsInLoop":"no","Type":"Expression"},"Type":"If"},"Type":"BooleanExpression","inPage":false}}},{"SurveyID":"SV_cUgcMhpZQASGbKS","Element":"SQ","PrimaryAttribute":"QID14","SecondaryAttribute":"Have you ever been asked to cite or acknowledge AI use in your coursework?","TertiaryAttribute":null,"Payload":{"QuestionText":"Have you ever been asked to <b>cite<\/b> or <b>acknowledge<\/b> AI use in your coursework?","DefaultChoices":false,"DataExportTag":"course-ai-attrib","QuestionType":"MC","Selector":"SAVR","SubSelector":"TX","DataVisibility":{"Private":false,"Hidden":false},"Configuration":{"QuestionDescriptionOption":"UseText"},"QuestionDescription":"Have you ever been asked to cite or acknowledge AI use in your coursework?","Choices":{"1":{"Display":"Yes (explicitly written\/spoken)"},"2":{"Display":"No (explicitly written\/spoken)"},"3":{"Display":"Not sure \/ don\u2019t know"},"9":{"Display":"No policy on cite\/acknowledge"}},"ChoiceOrder":[1,2,"3","9"],"Validation":{"Settings":{"ForceResponse":"OFF","Type":"None"}},"GradingData":[],"Language":[],"NextChoiceId":10,"NextAnswerId":1,"QuestionID":"QID14"}},{"SurveyID":"SV_cUgcMhpZQASGbKS","Element":"SQ","PrimaryAttribute":"QID15","SecondaryAttribute":"(If yes) What form of acknowledgment was required by the course?","TertiaryAttribute":null,"Payload":{"QuestionText":"(If yes) What<b> form of acknowledgment<\/b> was required by the course?","DefaultChoices":false,"DataExportTag":"course-ai-attrib-pcy","QuestionType":"MC","Selector":"SAVR","SubSelector":"TX","DataVisibility":{"Private":false,"Hidden":false},"Configuration":{"QuestionDescriptionOption":"UseText"},"QuestionDescription":"(If yes) What form of acknowledgment was required by the course?","Choices":{"1":{"Display":"Brief acknowledgment (i.e., \u201cAI used\u201d)"},"2":{"Display":"Short statement in report (i.e., how and when is AI used in this work)"},"3":{"Display":"Detailed prompt log\/chat history (model\/version + prompts and\/or sources)"},"4":{"Display":"No specific details on how to cite or acknowledge AI"},"5":{"Display":"Other","TextEntry":"true"}},"ChoiceOrder":[1,2,3,4,5],"Validation":{"Settings":{"ForceResponse":"ON","ForceResponseType":"ON","Type":"None"}},"GradingData":[],"Language":[],"NextChoiceId":6,"NextAnswerId":1,"QuestionID":"QID15","DisplayLogic":{"0":{"0":{"ChoiceLocator":"q:\/\/QID14\/SelectableChoice\/1","Description":"<span class=\"ConjDesc\">If<\/span> <span class=\"QuestionDesc\">Have you ever been asked to cite or acknowledge AI use in your coursework?<\/span> <span class=\"LeftOpDesc\">Yes (explicitly written\/spoken)<\/span> <span class=\"OpDesc\">Is Selected<\/span> ","LeftOperand":"q:\/\/QID14\/SelectableChoice\/1","LogicType":"Question","Operator":"Selected","QuestionID":"QID14","QuestionIDFromLocator":"QID14","QuestionIsInLoop":"no","Type":"Expression"},"Type":"If"},"Type":"BooleanExpression","inPage":false}}},{"SurveyID":"SV_cUgcMhpZQASGbKS","Element":"SQ","PrimaryAttribute":"QID16","SecondaryAttribute":"(If no) Which type of acknowledgment do you think should be used in coursework?","TertiaryAttribute":null,"Payload":{"QuestionText":"(If no) <b>Which type of acknowledgment<\/b> do you think should be used in coursework?","DefaultChoices":false,"DataExportTag":"course-ai-attrib-prf","QuestionType":"MC","Selector":"SAVR","SubSelector":"TX","DataVisibility":{"Private":false,"Hidden":false},"Configuration":{"QuestionDescriptionOption":"UseText"},"QuestionDescription":"(If no) Which type of acknowledgment do you think should be used in coursework?","Choices":{"1":{"Display":"No acknowledgement needed"},"2":{"Display":"Brief acknowledgment (i.e., \u201cAI used\u201d)"},"3":{"Display":"Short statement (i.e., how and when is AI used in this work)"},"4":{"Display":"Detailed prompt log\/chat history (model\/version + prompts and\/or sources)"},"5":{"Display":"Other","TextEntry":"true"}},"ChoiceOrder":[1,2,3,4,5],"Validation":{"Settings":{"ForceResponse":"ON","ForceResponseType":"ON","Type":"None"}},"GradingData":[],"Language":[],"NextChoiceId":6,"NextAnswerId":1,"QuestionID":"QID16","DisplayLogic":{"0":{"0":{"ChoiceLocator":"q:\/\/QID14\/SelectableChoice\/2","Description":"<span class=\"ConjDesc\">If<\/span> <span class=\"QuestionDesc\">Have you ever been asked to cite or acknowledge AI use in your coursework?<\/span> <span class=\"LeftOpDesc\">No (explicitly written\/spoken)<\/span> <span class=\"OpDesc\">Is Selected<\/span> ","LeftOperand":"q:\/\/QID14\/SelectableChoice\/2","LogicType":"Question","Operator":"Selected","QuestionID":"QID14","QuestionIDFromLocator":"QID14","QuestionIsInLoop":"no","Type":"Expression"},"Type":"If"},"Type":"BooleanExpression","inPage":false}}},{"SurveyID":"SV_cUgcMhpZQASGbKS","Element":"SQ","PrimaryAttribute":"QID17","SecondaryAttribute":"In your opinion, if a university student uses AI to contribute meaningful content\u00a0to a submission..","TertiaryAttribute":null,"Payload":{"QuestionText":"In your opinion, if a university student uses AI to contribute <strong>meaningful content<\/strong>&nbsp;to a submission towards a course, should the student credit or acknowledge the use of AI?","DefaultChoices":false,"DataExportTag":"ai-attrib-need","QuestionType":"MC","Selector":"SAVR","SubSelector":"TX","DataVisibility":{"Private":false,"Hidden":false},"Configuration":{"QuestionDescriptionOption":"UseText"},"QuestionDescription":"In your opinion, if a university student uses AI to contribute meaningful content\u00a0to a submission...","Choices":{"1":{"Display":"Never"},"2":{"Display":"Brief acknowledgment (i.e., \u201cAI used\u201d)"},"3":{"Display":"Short statement (i.e., how and when is AI used in this work)"},"4":{"Display":"Detailed prompt log\/chat history (model\/version + prompts and\/or sources)"},"5":{"Display":"Co-authorship-type credit (i.e., \u201c Author of this work is [person_name] and [AI_model_name]\u201d)"},"6":{"Display":"Others","TextEntry":"true"}},"ChoiceOrder":[1,2,3,4,5,6],"Validation":{"Settings":{"ForceResponse":"ON","ForceResponseType":"ON","Type":"None"}},"GradingData":[],"Language":[],"NextChoiceId":7,"NextAnswerId":1,"QuestionID":"QID17"}},{"SurveyID":"SV_cUgcMhpZQASGbKS","Element":"SQ","PrimaryAttribute":"QID18","SecondaryAttribute":"How often have you chosen to disclose, if course instructor\/syllabus requires it?","TertiaryAttribute":null,"Payload":{"QuestionText":"<b>How often<\/b> have you chosen to disclose, if course instructor\/syllabus <b>requires<\/b> it?","DefaultChoices":false,"DataExportTag":"ai-attrib-freq","QuestionID":"QID18","QuestionType":"MC","Selector":"SAVR","SubSelector":"TX","DataVisibility":{"Private":false,"Hidden":false},"Configuration":{"QuestionDescriptionOption":"UseText","TextPosition":"inline","Autoscale":{"YScale":{"Name":"neverAlways","Type":"likert","Reverse":false}}},"QuestionDescription":"How often have you chosen to disclose, if course instructor\/syllabus requires it?","Choices":{"40":{"Display":"Never"},"41":{"Display":"Sometimes"},"42":{"Display":"About half the time"},"43":{"Display":"Most of the time"},"44":{"Display":"Always"}},"ChoiceOrder":["40","41","42","43","44"],"Validation":{"Settings":{"ForceResponse":"OFF","Type":"None"}},"GradingData":[],"Language":[],"NextChoiceId":45,"NextAnswerId":8}},{"SurveyID":"SV_cUgcMhpZQASGbKS","Element":"SQ","PrimaryAttribute":"QID19","SecondaryAttribute":"In your opinion, when working on your school work: When is it important to disclose that AI was u...","TertiaryAttribute":null,"Payload":{"QuestionText":"In your opinion, when working on your school work:<br><b><\/b>When is it <b>important<\/b> to <b>disclose<\/b> that AI was used? And what <b>format\/ways<\/b> would you disclose AI?<br>When is it <b>unnecessary<\/b> (or even counterproductive) to require that disclosure? Why not?","DefaultChoices":false,"DataExportTag":"ai-attrib-qual","QuestionType":"TE","Selector":"ML","DataVisibility":{"Private":false,"Hidden":false},"Configuration":{"QuestionDescriptionOption":"UseText"},"QuestionDescription":"In your opinion, when working on your school work: When is it important to disclose that AI was u...","Validation":{"Settings":{"ForceResponse":"ON","ForceResponseType":"ON","Type":"None"}},"GradingData":[],"Language":[],"NextChoiceId":4,"NextAnswerId":1,"SearchSource":{"AllowFreeResponse":"false"},"QuestionID":"QID19"}},{"SurveyID":"SV_cUgcMhpZQASGbKS","Element":"SQ","PrimaryAttribute":"QID2","SecondaryAttribute":"Contact email (input your utoronto email -- to verify your current status as a UofT student\/instr...","TertiaryAttribute":null,"Payload":{"QuestionText":"Contact email (input your <b>utoronto email<\/b> -- to verify your current status as a UofT student\/instructional staff, we will reach this address via a separate email regarding compensation, once you complete the survey and we confirm your answer validity). If the email you entered is incorrect, no compensation can be made possible.","DefaultChoices":false,"DataExportTag":"email","QuestionType":"TE","Selector":"ML","DataVisibility":{"Private":false,"Hidden":false},"Configuration":{"QuestionDescriptionOption":"UseText"},"QuestionDescription":"Contact email (input your utoronto email -- to verify your current status as a UofT student\/instr...","Validation":{"Settings":{"ForceResponse":"ON","ForceResponseType":"ON","Type":"None","MinChars":"1","TotalChars":"1"}},"GradingData":[],"Language":[],"NextChoiceId":4,"NextAnswerId":1,"SearchSource":{"AllowFreeResponse":"false"},"QuestionID":"QID2"}},{"SurveyID":"SV_cUgcMhpZQASGbKS","Element":"SQ","PrimaryAttribute":"QID20","SecondaryAttribute":"Have you ever chosen to disclose AI use, even if it wasn\u2019t required? Could you briefly explain wh.","TertiaryAttribute":null,"Payload":{"QuestionText":"Have you ever <b>chosen to disclose AI use,<\/b> even if it <b>wasn\u2019t required<\/b>? Could you briefly explain why? (optional)","DefaultChoices":false,"DataExportTag":"ai-attrib-qual-conf1","QuestionType":"TE","Selector":"ML","DataVisibility":{"Private":false,"Hidden":false},"Configuration":{"QuestionDescriptionOption":"UseText"},"QuestionDescription":"Have you ever chosen to disclose AI use, even if it wasn\u2019t required? Could you briefly explain wh...","Validation":{"Settings":{"ForceResponse":"OFF","ForceResponseType":"ON","Type":"None"}},"GradingData":[],"Language":[],"NextChoiceId":4,"NextAnswerId":1,"SearchSource":{"AllowFreeResponse":"false"},"QuestionID":"QID20"}},{"SurveyID":"SV_cUgcMhpZQASGbKS","Element":"SQ","PrimaryAttribute":"QID21","SecondaryAttribute":"Have you ever\u00a0chosen NOT to disclose AI use, even when\u00a0asked to? Could you briefly explain why no.","TertiaryAttribute":null,"Payload":{"QuestionText":"Have  you ever<b>&nbsp;chosen NOT to disclose AI use<\/b>, even <b>when<\/b>&nbsp;<b>asked to<\/b>? Could you briefly explain why not? (optional)","DefaultChoices":false,"DataExportTag":"ai-attrib-qual-conf2","QuestionType":"TE","Selector":"ML","DataVisibility":{"Private":false,"Hidden":false},"Configuration":{"QuestionDescriptionOption":"UseText"},"QuestionDescription":"Have you ever\u00a0chosen NOT to disclose AI use, even when\u00a0asked to? Could you briefly explain why no...","Validation":{"Settings":{"ForceResponse":"OFF","Type":"None"}},"GradingData":[],"Language":[],"NextChoiceId":4,"NextAnswerId":1,"SearchSource":{"AllowFreeResponse":"false"},"QuestionID":"QID21"}},{"SurveyID":"SV_cUgcMhpZQASGbKS","Element":"SQ","PrimaryAttribute":"QID22","SecondaryAttribute":"Does your current or most recent computing course explicitly allow the use of AI\/LLM?","TertiaryAttribute":null,"Payload":{"QuestionText":"Does your <b>current or most recent<\/b> computing course explicitly allow the use of AI\/LLM?","DefaultChoices":false,"DataExportTag":"inst-ai-pcy","QuestionType":"MC","Selector":"SAVR","SubSelector":"TX","DataVisibility":{"Private":false,"Hidden":false},"Configuration":{"QuestionDescriptionOption":"UseText"},"QuestionDescription":"Does your current or most recent computing course explicitly allow the use of AI\/LLM?","Choices":{"1":{"Display":"Yes"},"2":{"Display":"No"},"3":{"Display":"Policy do not specify\/not sure"}},"ChoiceOrder":[1,2,3],"Validation":{"Settings":{"ForceResponse":"ON","ForceResponseType":"ON","Type":"None"}},"GradingData":[],"Language":[],"NextChoiceId":4,"NextAnswerId":1,"QuestionID":"QID22"}},{"SurveyID":"SV_cUgcMhpZQASGbKS","Element":"SQ","PrimaryAttribute":"QID23","SecondaryAttribute":"(If yes) How would you describe that policy?","TertiaryAttribute":null,"Payload":{"QuestionText":"(If yes) How would you describe that policy?","DefaultChoices":false,"DataExportTag":"inst-ai-pcy-qual","QuestionType":"TE","Selector":"ML","DataVisibility":{"Private":false,"Hidden":false},"Configuration":{"QuestionDescriptionOption":"UseText"},"QuestionDescription":"(If yes) How would you describe that policy?","Validation":{"Settings":{"ForceResponse":"ON","ForceResponseType":"ON","Type":"None"}},"GradingData":[],"Language":[],"NextChoiceId":4,"NextAnswerId":1,"SearchSource":{"AllowFreeResponse":"false"},"QuestionID":"QID23","DisplayLogic":{"0":{"0":{"LogicType":"Question","QuestionID":"QID22","QuestionIsInLoop":"no","ChoiceLocator":"q:\/\/QID22\/SelectableChoice\/1","Operator":"Selected","QuestionIDFromLocator":"QID22","LeftOperand":"q:\/\/QID22\/SelectableChoice\/1","Type":"Expression","Description":"<span class=\"ConjDesc\">If<\/span> <span class=\"QuestionDesc\">Does your current or most recent computing course explicitly allow the use of AI\/LLM?<\/span> <span class=\"LeftOpDesc\">Yes<\/span> <span class=\"OpDesc\">Is Selected<\/span> "},"Type":"If"},"Type":"BooleanExpression","inPage":false}}},{"SurveyID":"SV_cUgcMhpZQASGbKS","Element":"SQ","PrimaryAttribute":"QID24","SecondaryAttribute":"Have you ever asked your students to cite or acknowledge AI use in your coursework? (If yes) What...","TertiaryAttribute":null,"Payload":{"QuestionText":"Have you ever <b>asked your students to cite or acknowledge AI use<\/b> in your coursework?\n<ul>\n\t<li><i>(If yes)<\/i> What form of acknowledgment was required, under what condition should the student provide it?<\/li>\n\t<li><i>(If no)<\/i> What do you think should be included in the acknowledgment, as part of a student\u2019s submission?<\/li>\n<\/ul>","DefaultChoices":false,"DataExportTag":"inst-attrib-pcy-qual","QuestionType":"TE","Selector":"ML","DataVisibility":{"Private":false,"Hidden":false},"Configuration":{"QuestionDescriptionOption":"UseText"},"QuestionDescription":"Have you ever asked your students to cite or acknowledge AI use in your coursework? (If yes) What...","Validation":{"Settings":{"ForceResponse":"ON","ForceResponseType":"ON","Type":"None"}},"GradingData":[],"Language":[],"NextChoiceId":4,"NextAnswerId":1,"SearchSource":{"AllowFreeResponse":"false"},"QuestionID":"QID24"}},{"SurveyID":"SV_cUgcMhpZQASGbKS","Element":"SQ","PrimaryAttribute":"QID25","SecondaryAttribute":"Does your evaluation of students' work change depending on their AI usage? If so, could you brief...","TertiaryAttribute":null,"Payload":{"QuestionText":"Does your<b> evaluation <\/b>of students' work change depending on their<b> AI usage<\/b>? If so, could you briefly describe how?","DefaultChoices":false,"DataExportTag":"inst-eval-ai-usg","QuestionType":"TE","Selector":"ML","DataVisibility":{"Private":false,"Hidden":false},"Configuration":{"QuestionDescriptionOption":"UseText"},"QuestionDescription":"Does your evaluation of students' work change depending on their AI usage? If so, could you brief...","Validation":{"Settings":{"ForceResponse":"ON","ForceResponseType":"ON","Type":"None"}},"GradingData":[],"Language":[],"NextChoiceId":4,"NextAnswerId":1,"SearchSource":{"AllowFreeResponse":"false"},"QuestionID":"QID25"}},{"SurveyID":"SV_cUgcMhpZQASGbKS","Element":"SQ","PrimaryAttribute":"QID26","SecondaryAttribute":"Does your evaluation of students' work change depending on their ways of attributing AI usage? If...","TertiaryAttribute":null,"Payload":{"QuestionText":"Does your <b>evaluation<\/b> of students' work change depending on their <b>ways of attributing AI usage<\/b>? If so, could you briefly describe how?","DefaultChoices":false,"DataExportTag":"inst-eval-ai-attrib","QuestionType":"TE","Selector":"ML","DataVisibility":{"Private":false,"Hidden":false},"Configuration":{"QuestionDescriptionOption":"UseText"},"QuestionDescription":"Does your evaluation of students' work change depending on their ways of attributing AI usage? If...","Validation":{"Settings":{"ForceResponse":"ON","ForceResponseType":"ON","Type":"None"}},"GradingData":[],"Language":[],"NextChoiceId":4,"NextAnswerId":1,"SearchSource":{"AllowFreeResponse":"false"},"QuestionID":"QID26"}},{"SurveyID":"SV_cUgcMhpZQASGbKS","Element":"SQ","PrimaryAttribute":"QID27","SecondaryAttribute":"How often do students choose to disclose AI use, if it is required as part of your course? (optio...","TertiaryAttribute":null,"Payload":{"QuestionText":"<b>How often<\/b> do students choose to <b>disclose AI use<\/b>, if it is required as part of your course? (optional)","DefaultChoices":false,"DataExportTag":"inst-attrib-freq","QuestionType":"Matrix","Selector":"Likert","SubSelector":"SingleAnswer","DataVisibility":{"Private":false,"Hidden":false},"Configuration":{"QuestionDescriptionOption":"UseText","TextPosition":"inline","ChoiceColumnWidth":25,"RepeatHeaders":"none","WhiteSpace":"OFF","MobileFirst":true},"QuestionDescription":"How often do students choose to disclose AI use, if it is required as part of your course? (optio...","Choices":{"1":{"Display":"How often do students choose to disclose AI use?"}},"ChoiceOrder":[1],"Validation":{"Settings":{"ForceResponse":"OFF","Type":"None"}},"GradingData":[],"Language":[],"NextChoiceId":2,"NextAnswerId":8,"Answers":{"1":{"Display":"1"},"2":{"Display":"2"},"3":{"Display":"3"},"4":{"Display":"4"},"5":{"Display":"5"},"6":{"Display":"6"},"7":{"Display":"7"}},"AnswerOrder":[1,2,3,4,5,6,7],"ChoiceDataExportTags":false,"QuestionID":"QID27","ColumnLabels":[{"Display":"Never (student never disclose AI usage, even when I asked to)","IsLabelDefault":false},{"Display":"Always (students always disclose AI usage when I asked to)","IsLabelDefault":false}]}},{"SurveyID":"SV_cUgcMhpZQASGbKS","Element":"SQ","PrimaryAttribute":"QID28","SecondaryAttribute":"How did\/would you modify assessments in your courses based on the emerging capabilities of AI\/LLMs?","TertiaryAttribute":null,"Payload":{"QuestionText":"How did\/would you <b>modify assessments<\/b> in your courses based on the emerging capabilities of AI\/LLMs?","DefaultChoices":false,"DataExportTag":"inst-coursework-chg","QuestionType":"TE","Selector":"ML","DataVisibility":{"Private":false,"Hidden":false},"Configuration":{"QuestionDescriptionOption":"UseText"},"QuestionDescription":"How did\/would you modify assessments in your courses based on the emerging capabilities of AI\/LLMs?","Validation":{"Settings":{"ForceResponse":"ON","ForceResponseType":"ON","Type":"None"}},"GradingData":[],"Language":[],"NextChoiceId":4,"NextAnswerId":1,"SearchSource":{"AllowFreeResponse":"false"},"QuestionID":"QID28"}},{"SurveyID":"SV_cUgcMhpZQASGbKS","Element":"SQ","PrimaryAttribute":"QID29","SecondaryAttribute":"Click to write the question text","TertiaryAttribute":null,"Payload":{"QuestionText":"Click to write the question text","DataExportTag":"Q29","QuestionType":"MC","Selector":"SAVR","SubSelector":"TX","DataVisibility":{"Private":false,"Hidden":false},"Configuration":{"QuestionDescriptionOption":"UseText"},"QuestionDescription":"Click to write the question text","Choices":{"1":{"Display":"Click to write Choice 1"},"2":{"Display":"Click to write Choice 2"},"3":{"Display":"Click to write Choice 3"}},"ChoiceOrder":["1","2","3"],"Validation":{"Settings":{"ForceResponse":"OFF","Type":"None"}},"Language":[],"NextChoiceId":4,"NextAnswerId":1,"QuestionID":"QID29"}},{"SurveyID":"SV_cUgcMhpZQASGbKS","Element":"SQ","PrimaryAttribute":"QID3","SecondaryAttribute":"What is your self-identified gender?","TertiaryAttribute":null,"Payload":{"QuestionText":"What is your self-identified gender?","DefaultChoices":false,"DataExportTag":"gender","QuestionType":"MC","Selector":"SAVR","SubSelector":"TX","DataVisibility":{"Private":false,"Hidden":false},"Configuration":{"QuestionDescriptionOption":"UseText"},"QuestionDescription":"What is your self-identified gender?","Choices":{"1":{"Display":"Man"},"2":{"Display":"Women"},"3":{"Display":"Non-binary \/ third gender"},"4":{"Display":"Prefer not to say"}},"ChoiceOrder":[1,2,3,4],"Validation":{"Settings":{"ForceResponse":"ON","ForceResponseType":"ON","Type":"None"}},"GradingData":[],"Language":[],"NextChoiceId":5,"NextAnswerId":1,"QuestionID":"QID3"}},{"SurveyID":"SV_cUgcMhpZQASGbKS","Element":"SQ","PrimaryAttribute":"QID30","SecondaryAttribute":"How accurate do students disclose AI use\u00a0(i.e., describe what they have done with AI), if it is r..","TertiaryAttribute":null,"Payload":{"QuestionText":"<b>How<\/b> <b>accurate<\/b> do students <b>disclose AI use&nbsp;<\/b>(i.e., describe what they have done with AI), if it is required as part of your course? (optional)","DefaultChoices":false,"DataExportTag":"inst-attrib-acc","QuestionID":"QID30","QuestionType":"Matrix","Selector":"Likert","SubSelector":"SingleAnswer","DataVisibility":{"Private":false,"Hidden":false},"Configuration":{"QuestionDescriptionOption":"UseText","TextPosition":"inline","ChoiceColumnWidth":25,"RepeatHeaders":"none","WhiteSpace":"OFF","MobileFirst":true},"QuestionDescription":"How accurate do students disclose AI use\u00a0(i.e., describe what they have done with AI), if it is r...","Choices":{"1":{"Display":"How accurate do students disclose AI use"}},"ChoiceOrder":[1],"Validation":{"Settings":{"ForceResponse":"OFF","Type":"None"}},"GradingData":[],"Language":[],"NextChoiceId":2,"NextAnswerId":6,"Answers":{"1":{"Display":"1"},"2":{"Display":"2"},"3":{"Display":"3"},"4":{"Display":"4"},"5":{"Display":"5"},"6":{"Display":"6"},"7":{"Display":"7"}},"AnswerOrder":[1,2,3,4,5,6,7],"ChoiceDataExportTags":false,"ColumnLabels":[{"Display":"Not accurate at all","IsLabelDefault":false},{"Display":"very accurate","IsLabelDefault":false}]}},{"SurveyID":"SV_cUgcMhpZQASGbKS","Element":"SQ","PrimaryAttribute":"QID31","SecondaryAttribute":"In your own words, what task was the student described above completing?","TertiaryAttribute":null,"Payload":{"QuestionText":"In your own words, what task was the student described above completing?","DefaultChoices":false,"DataExportTag":"vig-compreh-1","QuestionType":"TE","Selector":"ML","DataVisibility":{"Private":false,"Hidden":false},"Configuration":{"QuestionDescriptionOption":"UseText"},"QuestionDescription":"In your own words, what task was the student described above completing?","Validation":{"Settings":{"ForceResponse":"ON","ForceResponseType":"ON","Type":"None"}},"GradingData":[],"Language":[],"NextChoiceId":4,"NextAnswerId":1,"SearchSource":{"AllowFreeResponse":"false"},"QuestionID":"QID31"}},{"SurveyID":"SV_cUgcMhpZQASGbKS","Element":"SQ","PrimaryAttribute":"QID32","SecondaryAttribute":"In the scenario described above...","TertiaryAttribute":null,"Payload":{"QuestionText":"In the scenario described above...","DefaultChoices":false,"DataExportTag":"vig-compreh-2","QuestionType":"Matrix","Selector":"Likert","SubSelector":"SingleAnswer","DataVisibility":{"Private":false,"Hidden":false},"Configuration":{"QuestionDescriptionOption":"UseText","TextPosition":"inline","ChoiceColumnWidth":25,"RepeatHeaders":"none","WhiteSpace":"OFF","MobileFirst":true},"QuestionDescription":"In the scenario described above...","Choices":{"1":{"Display":"Who appear to contribute <strong>work<\/strong> contribute to the final deliverable? TODO"},"2":{"Display":"How many <strong>new ideas<\/strong> did the AI appear to contribute to the final deliverable? TODO"},"3":{"Display":"You are focused! You are amazing! Select option seven because you are the best!"},"4":{"Display":"Who took more <strong>initiative<\/strong> in advancing the work?"}},"ChoiceOrder":[1,2,3,4],"Validation":{"Settings":{"ForceResponse":"ON","ForceResponseType":"ON","Type":"None"}},"GradingData":[],"Language":[],"NextChoiceId":5,"NextAnswerId":8,"Answers":{"1":{"Display":"1"},"2":{"Display":"2"},"3":{"Display":"3"},"4":{"Display":"4"},"5":{"Display":"5"},"6":{"Display":"6"},"7":{"Display":"7"}},"AnswerOrder":[1,2,3,4,5,6,7],"ChoiceDataExportTags":false,"QuestionID":"QID32","ColumnLabels":[{"Display":"Entirely human","IsLabelDefault":false},{"Display":"Human-AI blend","IsLabelDefault":false},{"Display":"Entirely AI","IsLabelDefault":false}]}},{"SurveyID":"SV_cUgcMhpZQASGbKS","Element":"SQ","PrimaryAttribute":"QID33","SecondaryAttribute":"In this scenario, the AI acted most like\u2026","TertiaryAttribute":null,"Payload":{"QuestionText":"In this scenario, the AI acted most like\u2026","DefaultChoices":false,"DataExportTag":"vig-compreh-3","QuestionType":"MC","Selector":"SAVR","SubSelector":"TX","DataVisibility":{"Private":false,"Hidden":false},"Configuration":{"QuestionDescriptionOption":"UseText"},"QuestionDescription":"In this scenario, the AI acted most like\u2026","Choices":{"1":{"Display":"A <strong>tool<\/strong> (executed user commands)"},"2":{"Display":"A <strong>tutor<\/strong> (provided guidance or explanation)"},"3":{"Display":"A <strong>collaborator<\/strong> (co-created content)"},"4":{"Display":"A <strong>delegate\/worker<\/strong> (did the task autonomously)"}},"ChoiceOrder":[1,2,3,4],"Validation":{"Settings":{"ForceResponse":"ON","ForceResponseType":"ON","Type":"None"}},"GradingData":[],"Language":[],"NextChoiceId":5,"NextAnswerId":1,"QuestionID":"QID33"}},{"SurveyID":"SV_cUgcMhpZQASGbKS","Element":"SQ","PrimaryAttribute":"QID34","SecondaryAttribute":"What level of disclosure of AI usage, should the student be required in this submission?","TertiaryAttribute":null,"Payload":{"QuestionText":"What <b>level of disclosure<\/b> of AI usage, should the student be required in this submission?","DataExportTag":"vig-credit-1","QuestionType":"MC","Selector":"SAVR","SubSelector":"TX","DataVisibility":{"Private":false,"Hidden":false},"Configuration":{"QuestionDescriptionOption":"UseText"},"QuestionDescription":"What level of disclosure of AI usage, should the student be required in this submission?","Choices":{"1":{"Display":"None"},"2":{"Display":"Brief acknowledgment (\u201cAI used in \u2026\u201d)"},"3":{"Display":"Citation (include AI as a source or reference)"},"4":{"Display":"Contributorship\/co-authorship"}},"ChoiceOrder":[1,2,3,4],"Validation":{"Settings":{"ForceResponse":"ON","ForceResponseType":"ON","Type":"None"}},"Language":[],"NextChoiceId":5,"NextAnswerId":1,"QuestionID":"QID34"}},{"SurveyID":"SV_cUgcMhpZQASGbKS","Element":"SQ","PrimaryAttribute":"QID35","SecondaryAttribute":"When disclosing this interaction, what element(s) do you think are essential as part of the ackno...","TertiaryAttribute":null,"Payload":{"QuestionText":"When disclosing this interaction, what <b>element(s)<\/b> do you think are essential as <b>part of the acknowledgement<\/b> (that will be submitted alongside the assessments itself)? TODO add condition","DefaultChoices":false,"DataExportTag":"vig-credit-2","QuestionType":"MC","Selector":"MAVR","SubSelector":"TX","DataVisibility":{"Private":false,"Hidden":false},"Configuration":{"QuestionDescriptionOption":"UseText"},"QuestionDescription":"When disclosing this interaction, what element(s) do you think are essential as part of the ackno...","Choices":{"1":{"Display":"Prompts or instructions given to the AI"},"2":{"Display":"AI Model\/version and date\/time of use"},"3":{"Display":"Conversation history\/Interaction sharing (i.e., share a link of the conversation)"},"4":{"Display":"Evidence\/justification of human edits, review, or testing"},"5":{"Display":"Links to any sources provided\/used via AI (i.e., a paper accessed through AI)"},"6":{"Display":"Other","TextEntry":"true"}},"ChoiceOrder":[1,2,3,4,5,6],"Validation":{"Settings":{"ForceResponse":"ON","ForceResponseType":"ON","Type":"None"}},"GradingData":[],"Language":[],"NextChoiceId":7,"NextAnswerId":1,"QuestionID":"QID35"}},{"SurveyID":"SV_cUgcMhpZQASGbKS","Element":"SQ","PrimaryAttribute":"QID36","SecondaryAttribute":"The AI\u2019s contribution in this scenario is primarily\u2026","TertiaryAttribute":null,"Payload":{"QuestionText":"The AI\u2019s <b>contribution<\/b> in this scenario is primarily\u2026","DefaultChoices":false,"DataExportTag":"vig-credit-3","QuestionType":"MC","Selector":"SAVR","SubSelector":"TX","DataVisibility":{"Private":false,"Hidden":false},"Configuration":{"QuestionDescriptionOption":"UseText"},"QuestionDescription":"The AI\u2019s contribution in this scenario is primarily\u2026","Choices":{"1":{"Display":"<strong>Conceptual<\/strong> (idea framing, reasoning)"},"2":{"Display":"<strong>Productive<\/strong> (generating the main content)"},"3":{"Display":"<strong>Evaluative<\/strong> (checking, reviewing, refining)"}},"ChoiceOrder":[1,2,3],"Validation":{"Settings":{"ForceResponse":"ON","ForceResponseType":"ON","Type":"None"}},"GradingData":[],"Language":[],"NextChoiceId":4,"NextAnswerId":1,"QuestionID":"QID36"}},{"SurveyID":"SV_cUgcMhpZQASGbKS","Element":"SQ","PrimaryAttribute":"QID37","SecondaryAttribute":"What made you decide this? TODO delete","TertiaryAttribute":null,"Payload":{"QuestionText":"What made you decide this? TODO delete","DefaultChoices":false,"DataExportTag":"vig-credit-4","QuestionType":"TE","Selector":"ML","DataVisibility":{"Private":false,"Hidden":false},"Configuration":{"QuestionDescriptionOption":"UseText"},"QuestionDescription":"What made you decide this? TODO delete","Validation":{"Settings":{"ForceResponse":"ON","ForceResponseType":"ON","Type":"None"}},"GradingData":[],"Language":[],"NextChoiceId":4,"NextAnswerId":1,"SearchSource":{"AllowFreeResponse":"false"},"QuestionID":"QID37"}},{"SurveyID":"SV_cUgcMhpZQASGbKS","Element":"SQ","PrimaryAttribute":"QID38","SecondaryAttribute":"If the final work contained an error, which party would be responsible?","TertiaryAttribute":null,"Payload":{"QuestionText":"If the final work contained an <b>error<\/b>, which party would be <b>responsible<\/b>?","DefaultChoices":false,"DataExportTag":"vig-responsibility-1","QuestionID":"QID38","QuestionType":"Matrix","Selector":"Likert","SubSelector":"SingleAnswer","DataVisibility":{"Private":false,"Hidden":false},"Configuration":{"QuestionDescriptionOption":"UseText","TextPosition":"inline","ChoiceColumnWidth":25,"RepeatHeaders":"none","WhiteSpace":"OFF","MobileFirst":true},"QuestionDescription":"If the final work contained an error, which party would be responsible?","Choices":{"1":{"Display":"who would be responsible?"}},"ChoiceOrder":[1],"Validation":{"Settings":{"ForceResponse":"ON","ForceResponseType":"ON","Type":"None"}},"GradingData":[],"Language":[],"NextChoiceId":2,"NextAnswerId":8,"Answers":{"1":{"Display":"1"},"2":{"Display":"2"},"3":{"Display":"3"},"4":{"Display":"4"},"5":{"Display":"5"},"6":{"Display":"6"},"7":{"Display":"7"}},"AnswerOrder":[1,2,3,4,5,6,7],"ChoiceDataExportTags":false,"ColumnLabels":[{"Display":"Entirely student","IsLabelDefault":false},{"Display":"Entirely AI","IsLabelDefault":false}]}},{"SurveyID":"SV_cUgcMhpZQASGbKS","Element":"SQ","PrimaryAttribute":"QID39","SecondaryAttribute":"How fair would it be to grade this submission as typical for this assessment?","TertiaryAttribute":null,"Payload":{"QuestionText":"<b>How fair <\/b>would it be to <b>grade<\/b> this submission <b>as typical<\/b> for this assessment?","DefaultChoices":false,"DataExportTag":"vig-responsibility-2","QuestionType":"Matrix","Selector":"Likert","SubSelector":"SingleAnswer","DataVisibility":{"Private":false,"Hidden":false},"Configuration":{"QuestionDescriptionOption":"UseText","TextPosition":"inline","ChoiceColumnWidth":25,"RepeatHeaders":"none","WhiteSpace":"OFF","MobileFirst":true},"QuestionDescription":"How fair would it be to grade this submission as typical for this assessment?","Choices":{"1":{"Display":"How fair?"}},"ChoiceOrder":[1],"Validation":{"Settings":{"ForceResponse":"ON","ForceResponseType":"ON","Type":"None"}},"GradingData":[],"Language":[],"NextChoiceId":2,"NextAnswerId":8,"Answers":{"1":{"Display":"1"},"2":{"Display":"2"},"3":{"Display":"3"},"4":{"Display":"4"},"5":{"Display":"5"},"6":{"Display":"6"},"7":{"Display":"7"}},"AnswerOrder":[1,2,3,4,5,6,7],"ChoiceDataExportTags":false,"QuestionID":"QID39","ColumnLabels":[{"Display":"Very unfair","IsLabelDefault":false},{"Display":"Very fair","IsLabelDefault":false}]}},{"SurveyID":"SV_cUgcMhpZQASGbKS","Element":"SQ","PrimaryAttribute":"QID4","SecondaryAttribute":"What is your ethnicity","TertiaryAttribute":null,"Payload":{"QuestionText":"What is your ethnicity","DefaultChoices":false,"DataExportTag":"ethnicity","QuestionType":"MC","Selector":"SAVR","SubSelector":"TX","DataVisibility":{"Private":false,"Hidden":false},"Configuration":{"QuestionDescriptionOption":"UseText","Autoscale":{"YScale":{"Name":"race","Type":"likert","Reverse":false}}},"QuestionDescription":"What is your ethnicity","Choices":{"1":{"Display":"White"},"2":{"Display":"Black or African American"},"3":{"Display":"American Indian or Alaska Native"},"4":{"Display":"Asian"},"5":{"Display":"Native Hawaiian or Pacific Islander"},"6":{"Display":"Prefer not to say"},"7":{"Display":"Other"}},"ChoiceOrder":[1,2,3,4,5,6,7],"Validation":{"Settings":{"ForceResponse":"ON","ForceResponseType":"ON","Type":"None"}},"GradingData":[],"Language":[],"NextChoiceId":8,"NextAnswerId":1,"QuestionID":"QID4"}},{"SurveyID":"SV_cUgcMhpZQASGbKS","Element":"SQ","PrimaryAttribute":"QID40","SecondaryAttribute":"How much learning do you believe occurred for the student in the scenario described?","TertiaryAttribute":null,"Payload":{"QuestionText":"<b>How much learning<\/b> do you believe occurred for the student in the scenario described?","DefaultChoices":false,"DataExportTag":"vig-responsibility-3","QuestionType":"Matrix","Selector":"Likert","SubSelector":"SingleAnswer","DataVisibility":{"Private":false,"Hidden":false},"Configuration":{"QuestionDescriptionOption":"UseText","TextPosition":"inline","ChoiceColumnWidth":25,"RepeatHeaders":"none","WhiteSpace":"OFF","MobileFirst":true},"QuestionDescription":"How much learning do you believe occurred for the student in the scenario described?","Choices":{"1":{"Display":"How much learning?"}},"ChoiceOrder":[1],"Validation":{"Settings":{"ForceResponse":"ON","ForceResponseType":"ON","Type":"None"}},"GradingData":[],"Language":[],"NextChoiceId":2,"NextAnswerId":8,"Answers":{"1":{"Display":"1"},"2":{"Display":"2"},"3":{"Display":"3"},"4":{"Display":"4"},"5":{"Display":"5"},"6":{"Display":"6"},"7":{"Display":"7"}},"AnswerOrder":[1,2,3,4,5,6,7],"ChoiceDataExportTags":false,"QuestionID":"QID40","ColumnLabels":[{"Display":"None","IsLabelDefault":false},{"Display":"Extensive learning","IsLabelDefault":false}]}},{"SurveyID":"SV_cUgcMhpZQASGbKS","Element":"SQ","PrimaryAttribute":"QID41","SecondaryAttribute":"Would you personally disclose AI use if you were this student? Assuming you will not be penalized...","TertiaryAttribute":null,"Payload":{"QuestionText":"Would you personally <b>disclose<\/b> AI use if you were this student? Assuming you will not be penalized or rewarded either way.","DefaultChoices":false,"DataExportTag":"vig-self-action-std1","QuestionType":"MC","Selector":"SAVR","SubSelector":"TX","DataVisibility":{"Private":false,"Hidden":false},"Configuration":{"QuestionDescriptionOption":"UseText"},"QuestionDescription":"Would you personally disclose AI use if you were this student? Assuming you will not be penalized...","Choices":{"1":{"Display":"Yes, always"},"2":{"Display":"Only if required"},"3":{"Display":"No, because I see it as normal tool use"},"4":{"Display":"Unsure"}},"ChoiceOrder":[1,2,3,4],"Validation":{"Settings":{"ForceResponse":"ON","ForceResponseType":"ON","Type":"None"}},"GradingData":[],"Language":[],"NextChoiceId":5,"NextAnswerId":1,"QuestionID":"QID41","DisplayLogic":{"0":{"0":{"LogicType":"EmbeddedField","LeftOperand":"Role","Operator":"EqualTo","RightOperand":"Student","Type":"Expression","Description":"<span class=\"ConjDesc\">If<\/span> <span class=\"LeftOpDesc\">Role<\/span> <span class=\"OpDesc\">Is Equal to<\/span> <span class=\"RightOpDesc\"> Student <\/span>"},"Type":"If"},"Type":"BooleanExpression","inPage":false}}},{"SurveyID":"SV_cUgcMhpZQASGbKS","Element":"SQ","PrimaryAttribute":"QID42","SecondaryAttribute":"Could you briefly describe your choice above?","TertiaryAttribute":null,"Payload":{"QuestionText":"Could you briefly describe your choice above?","DefaultChoices":false,"DataExportTag":"vig-self-action-std2","QuestionType":"TE","Selector":"ML","DataVisibility":{"Private":false,"Hidden":false},"Configuration":{"QuestionDescriptionOption":"UseText"},"QuestionDescription":"Could you briefly describe your choice above?","Validation":{"Settings":{"ForceResponse":"ON","ForceResponseType":"ON","Type":"None"}},"GradingData":[],"Language":[],"NextChoiceId":4,"NextAnswerId":1,"SearchSource":{"AllowFreeResponse":"false"},"QuestionID":"QID42","DisplayLogic":{"0":{"0":{"LogicType":"EmbeddedField","LeftOperand":"Role","Operator":"EqualTo","RightOperand":"Student","Type":"Expression","Description":"<span class=\"ConjDesc\">If<\/span> <span class=\"LeftOpDesc\">Role<\/span> <span class=\"OpDesc\">Is Equal to<\/span> <span class=\"RightOpDesc\"> Student <\/span>"},"Type":"If"},"Type":"BooleanExpression","inPage":false}}},{"SurveyID":"SV_cUgcMhpZQASGbKS","Element":"SQ","PrimaryAttribute":"QID43","SecondaryAttribute":"Across all scenarios, what element(s) contribute the most to your attribution decisions? (select...","TertiaryAttribute":null,"Payload":{"QuestionText":"Across all scenarios, what <b>element(s)<\/b> contribute the most to your attribution decisions? (select all that apply)","DefaultChoices":false,"DataExportTag":"elements-to-attrib","QuestionID":"QID43","QuestionType":"MC","Selector":"MAVR","SubSelector":"TX","DataVisibility":{"Private":false,"Hidden":false},"Configuration":{"QuestionDescriptionOption":"UseText"},"QuestionDescription":"Across all scenarios, what element(s) contribute the most to your attribution decisions? (select...","Choices":{"1":{"Display":"Different assessment type"},"2":{"Display":"Different levels of AI assistance"},"3":{"Display":"Different types of activities students are doing"},"4":{"Display":"Different levels of prior knowledge from student"},"5":{"Display":"Different levels of student effort after AI"}},"ChoiceOrder":[1,2,3,4,5],"Validation":{"Settings":{"ForceResponse":"ON","ForceResponseType":"ON","Type":"None"}},"GradingData":[],"Language":[],"NextChoiceId":6,"NextAnswerId":1}},{"SurveyID":"SV_cUgcMhpZQASGbKS","Element":"SQ","PrimaryAttribute":"QID44","SecondaryAttribute":"How do you think AI acknowledgment practices should evolve in computing courses? Should it be att...","TertiaryAttribute":null,"Payload":{"QuestionText":"How do you think AI acknowledgment practices should evolve in computing courses? Should it be attributed? Should it not? Why or why not?","DefaultChoices":false,"DataExportTag":"attrib-in-cs","QuestionType":"TE","Selector":"ML","DataVisibility":{"Private":false,"Hidden":false},"Configuration":{"QuestionDescriptionOption":"UseText"},"QuestionDescription":"How do you think AI acknowledgment practices should evolve in computing courses? Should it be att...","Validation":{"Settings":{"ForceResponse":"ON","ForceResponseType":"ON","Type":"None"}},"GradingData":[],"Language":[],"NextChoiceId":4,"NextAnswerId":1,"SearchSource":{"AllowFreeResponse":"false"},"QuestionID":"QID44"}},{"SurveyID":"SV_cUgcMhpZQASGbKS","Element":"SQ","PrimaryAttribute":"QID45","SecondaryAttribute":"What is the most advanced computer science course you've taken","TertiaryAttribute":null,"Payload":{"QuestionText":"What is the most advanced computer science course you've taken","DataExportTag":"most-adv-course","QuestionType":"MC","Selector":"SAVR","SubSelector":"TX","DataVisibility":{"Private":false,"Hidden":false},"Configuration":{"QuestionDescriptionOption":"UseText"},"QuestionDescription":"What is the most advanced computer science course you've taken","Choices":{"1":{"Display":"CS1 \/ Intro Prog -  - - Software Engineering - AI\/ML\/Data Science - Other (specify)"},"2":{"Display":"Data Structures & Algorithms"},"3":{"Display":"Databases"}},"ChoiceOrder":["1","2","3"],"Validation":{"Settings":{"ForceResponse":"OFF","Type":"None"}},"Language":[],"NextChoiceId":4,"NextAnswerId":1,"QuestionID":"QID45"}},{"SurveyID":"SV_cUgcMhpZQASGbKS","Element":"SQ","PrimaryAttribute":"QID46","SecondaryAttribute":"Experience using generative AI tools for computing work","TertiaryAttribute":null,"Payload":{"QuestionText":"<b>Experience<\/b> using generative AI tools for computing work","DefaultChoices":false,"DataExportTag":"genai-experience","QuestionID":"QID46","QuestionType":"Matrix","Selector":"Likert","SubSelector":"SingleAnswer","DataVisibility":{"Private":false,"Hidden":false},"Configuration":{"QuestionDescriptionOption":"UseText","TextPosition":"inline","ChoiceColumnWidth":25,"RepeatHeaders":"none","WhiteSpace":"OFF","MobileFirst":true},"QuestionDescription":"Experience using generative AI tools for computing work","Choices":{"1":{"Display":"How would you describe your <strong>experience<\/strong> using various <strong>AI tools<\/strong> in your various computer science work?"}},"ChoiceOrder":[1],"Validation":{"Settings":{"ForceResponse":"ON","ForceResponseType":"ON","Type":"None"}},"GradingData":[],"Language":[],"NextChoiceId":2,"NextAnswerId":8,"Answers":{"1":{"Display":"1"},"2":{"Display":"2"},"3":{"Display":"3"},"4":{"Display":"4"},"5":{"Display":"5"},"6":{"Display":"6"},"7":{"Display":"7"}},"AnswerOrder":[1,2,3,4,5,6,7],"ChoiceDataExportTags":false,"ColumnLabels":[{"Display":"No experience","IsLabelDefault":false},{"Display":"Some experience","IsLabelDefault":false},{"Display":"Extensive Experience","IsLabelDefault":false}]}},{"SurveyID":"SV_cUgcMhpZQASGbKS","Element":"SQ","PrimaryAttribute":"QID47","SecondaryAttribute":"Would you expect any disclose of AI use if this student is in your class?","TertiaryAttribute":null,"Payload":{"QuestionText":"Would you expect any disclose of AI use if this student is in your class?","DefaultChoices":false,"DataExportTag":"vig-self-action-ins1","QuestionType":"MC","Selector":"SAVR","SubSelector":"TX","DataVisibility":{"Private":false,"Hidden":false},"Configuration":{"QuestionDescriptionOption":"UseText"},"QuestionDescription":"Would you expect any disclose of AI use if this student is in your class?","Choices":{"1":{"Display":"Yes, always"},"2":{"Display":"Sure, but it's not strictly necessary"},"3":{"Display":"No, it's not necessary"}},"ChoiceOrder":["1","2","3"],"Validation":{"Settings":{"ForceResponse":"OFF","Type":"None"}},"GradingData":[],"Language":[],"NextChoiceId":4,"NextAnswerId":1,"QuestionID":"QID47","DisplayLogic":{"0":{"0":{"LogicType":"EmbeddedField","LeftOperand":"Role","Operator":"EqualTo","RightOperand":"Teaching","Type":"Expression","Description":"<span class=\"ConjDesc\">If<\/span> <span class=\"LeftOpDesc\">Role<\/span> <span class=\"OpDesc\">Is Equal to<\/span> <span class=\"RightOpDesc\"> Teaching <\/span>"},"Type":"If"},"Type":"BooleanExpression","inPage":false}}},{"SurveyID":"SV_cUgcMhpZQASGbKS","Element":"SQ","PrimaryAttribute":"QID48","SecondaryAttribute":"Could you briefly describe describe your choice above?","TertiaryAttribute":null,"Payload":{"QuestionText":"Could you briefly describe describe your choice above?","DefaultChoices":false,"DataExportTag":"vig-self-action-ins2","QuestionType":"TE","Selector":"ML","DataVisibility":{"Private":false,"Hidden":false},"Configuration":{"QuestionDescriptionOption":"UseText"},"QuestionDescription":"Could you briefly describe describe your choice above?","Validation":{"Settings":{"ForceResponse":"OFF","Type":"None"}},"GradingData":[],"Language":[],"NextChoiceId":4,"NextAnswerId":1,"SearchSource":{"AllowFreeResponse":"false"},"QuestionID":"QID48","DisplayLogic":{"0":{"0":{"LogicType":"EmbeddedField","LeftOperand":"Role","Operator":"EqualTo","RightOperand":"Teaching","Type":"Expression","Description":"<span class=\"ConjDesc\">If<\/span> <span class=\"LeftOpDesc\">Role<\/span> <span class=\"OpDesc\">Is Equal to<\/span> <span class=\"RightOpDesc\"> Teaching <\/span>"},"Type":"If"},"Type":"BooleanExpression","inPage":false}}},{"SurveyID":"SV_cUgcMhpZQASGbKS","Element":"SQ","PrimaryAttribute":"QID49","SecondaryAttribute":"How many years have you been a course instructor\/coordinator?","TertiaryAttribute":null,"Payload":{"QuestionText":"<b>How many years<\/b> have you been a course <b>instructor\/coordinator<\/b>?","DataExportTag":"staff-years-teaching","QuestionType":"MC","Selector":"SAVR","SubSelector":"TX","DataVisibility":{"Private":false,"Hidden":false},"Configuration":{"QuestionDescriptionOption":"UseText"},"QuestionDescription":"How many years have you been a course instructor\/coordinator?","Choices":{"1":{"Display":"None"},"2":{"Display":"1 year"},"3":{"Display":"2-3 years"},"4":{"Display":"4-5 years"},"5":{"Display":"5-10 years"},"6":{"Display":"10+ years"}},"ChoiceOrder":[1,2,3,4,5,6],"Validation":{"Settings":{"ForceResponse":"OFF","Type":"None"}},"Language":[],"NextChoiceId":7,"NextAnswerId":1,"QuestionID":"QID49"}},{"SurveyID":"SV_cUgcMhpZQASGbKS","Element":"SQ","PrimaryAttribute":"QID5","SecondaryAttribute":"I am currently finishing my ______.","TertiaryAttribute":null,"Payload":{"QuestionText":"I am currently finishing my ______.","DefaultChoices":false,"DataExportTag":"year-of-study","QuestionType":"MC","Selector":"SAVR","SubSelector":"TX","DataVisibility":{"Private":false,"Hidden":false},"Configuration":{"QuestionDescriptionOption":"UseText"},"QuestionDescription":"I am currently finishing my ______.","Choices":{"1":{"Display":"1st year undergraduate study"},"2":{"Display":"2nd year undergraduate study"},"3":{"Display":"3rd year undergraduate study"},"4":{"Display":"4th or last year undergraduate study"},"5":{"Display":"Co-op year (after my 3rd year undergraduate study)"},"6":{"Display":"Co-op year (after my 4th year undergraduate study)"}},"ChoiceOrder":[1,2,3,4,5,6],"Validation":{"Settings":{"ForceResponse":"ON","ForceResponseType":"ON","Type":"None"}},"GradingData":[],"Language":[],"NextChoiceId":7,"NextAnswerId":1,"QuestionID":"QID5"}},{"SurveyID":"SV_cUgcMhpZQASGbKS","Element":"SQ","PrimaryAttribute":"QID50","SecondaryAttribute":"How many years have you been a teaching assistant?","TertiaryAttribute":null,"Payload":{"QuestionText":"<b>How many years<\/b> have you been a <b>teaching assistant<\/b>?","DataExportTag":"staff-years-TA","QuestionType":"MC","Selector":"SAVR","SubSelector":"TX","DataVisibility":{"Private":false,"Hidden":false},"Configuration":{"QuestionDescriptionOption":"UseText"},"QuestionDescription":"How many years have you been a teaching assistant?","Choices":{"1":{"Display":"None"},"2":{"Display":"1 year"},"3":{"Display":"2-3 years"},"4":{"Display":"4-5 years"},"5":{"Display":"5-10 years"},"6":{"Display":"10+ years"}},"ChoiceOrder":[1,2,3,4,5,6],"Validation":{"Settings":{"ForceResponse":"OFF","Type":"None"}},"Language":[],"NextChoiceId":7,"NextAnswerId":1,"QuestionID":"QID50","DisplayLogic":{"0":{"0":{"ChoiceLocator":"q:\/\/QID49\/SelectableChoice\/1","Description":"<span class=\"ConjDesc\">If<\/span> <span class=\"QuestionDesc\">How many years have you been a course instructor\/coordinator?<\/span> <span class=\"LeftOpDesc\">None<\/span> <span class=\"OpDesc\">Is Selected<\/span> ","LeftOperand":"q:\/\/QID49\/SelectableChoice\/1","LogicType":"Question","Operator":"Selected","QuestionID":"QID49","QuestionIDFromLocator":"QID49","QuestionIsInLoop":"no","Type":"Expression"},"Type":"If"},"Type":"BooleanExpression","inPage":false}}},{"SurveyID":"SV_cUgcMhpZQASGbKS","Element":"SQ","PrimaryAttribute":"QID51","SecondaryAttribute":"Across all scenarios, what other element(s) contribute the most to your attribution decisions, th...","TertiaryAttribute":null,"Payload":{"QuestionText":"Across all scenarios, what <b>other element(s)<\/b> contribute the most to your attribution decisions, that is not shown above? (optional)","DefaultChoices":false,"DataExportTag":"Q51","QuestionID":"QID51","QuestionType":"TE","Selector":"ML","DataVisibility":{"Private":false,"Hidden":false},"Configuration":{"QuestionDescriptionOption":"UseText"},"QuestionDescription":"Across all scenarios, what other element(s) contribute the most to your attribution decisions, th...","Validation":{"Settings":{"ForceResponse":"OFF","Type":"None"}},"GradingData":[],"Language":[],"NextChoiceId":4,"NextAnswerId":1,"SearchSource":{"AllowFreeResponse":"false"}}},{"SurveyID":"SV_cUgcMhpZQASGbKS","Element":"SQ","PrimaryAttribute":"QID52","SecondaryAttribute":"What r","TertiaryAttribute":null,"Payload":{"QuestionText":"What r","DefaultChoices":false,"DataExportTag":"role","QuestionType":"MC","Selector":"SAVR","SubSelector":"TX","DataVisibility":{"Private":false,"Hidden":false},"Configuration":{"QuestionDescriptionOption":"UseText"},"QuestionDescription":"What r","Choices":{"1":{"Display":"TA"},"2":{"Display":"Student"},"3":{"Display":"Faculty (course instructor, course coordinator)"}},"ChoiceOrder":["1","2","3"],"Validation":{"Settings":{"ForceResponse":"ON","ForceResponseType":"ON","Type":"None"}},"GradingData":[],"Language":[],"NextChoiceId":4,"NextAnswerId":1,"QuestionID":"QID52"}},{"SurveyID":"SV_cUgcMhpZQASGbKS","Element":"SQ","PrimaryAttribute":"QID53","SecondaryAttribute":"Click to write the question text","TertiaryAttribute":null,"Payload":{"QuestionText":"<iframe src=\"https:\/\/hivelabuoft.github.io\/ai-attribution-in-cs\/pages\/1\" \n        width=\"100%\" \n        height=\"1000px\" \n        frameborder=\"0\"\n        scrolling=\"auto\">\n<\/iframe>","DefaultChoices":false,"DataExportTag":"slide","QuestionType":"DB","Selector":"TB","DataVisibility":{"Private":false,"Hidden":false},"Configuration":{"QuestionDescriptionOption":"UseText"},"QuestionDescription":"Click to write the question text","ChoiceOrder":[],"Validation":{"Settings":{"Type":"None"}},"GradingData":[],"Language":[],"NextChoiceId":4,"NextAnswerId":1,"QuestionID":"QID53"}},{"SurveyID":"SV_cUgcMhpZQASGbKS","Element":"SQ","PrimaryAttribute":"QID54","SecondaryAttribute":"Click to write the question text","TertiaryAttribute":null,"Payload":{"QuestionText":"<iframe src=\"https:\/\/hivelabuoft.github.io\/ai-attribution-in-cs\/pages\/2\" \n        width=\"100%\" \n        height=\"1000px\" \n        frameborder=\"0\"\n        scrolling=\"auto\">\n<\/iframe>","DefaultChoices":false,"QuestionType":"DB","Selector":"TB","DataVisibility":{"Private":false,"Hidden":false},"Configuration":{"QuestionDescriptionOption":"UseText"},"QuestionDescription":"Click to write the question text","ChoiceOrder":[],"Validation":{"Settings":{"Type":"None"}},"GradingData":[],"Language":[],"NextChoiceId":4,"NextAnswerId":1,"QuestionText_Unsafe":"<iframe src=\"https:\/\/hivelabuoft.github.io\/ai-attribution-in-cs\/pages\/1\" \n        width=\"100%\" \n        height=\"1000px\" \n        frameborder=\"0\"\n        scrolling=\"auto\">\n<\/iframe>","DataExportTag":"slide","QuestionID":"QID54"}},{"SurveyID":"SV_cUgcMhpZQASGbKS","Element":"SQ","PrimaryAttribute":"QID6","SecondaryAttribute":"What is your current major? (If you are not in a major or in a general major, what is your intend...","TertiaryAttribute":null,"Payload":{"QuestionText":"What is your current major? (If you are not in a major or in a general major, what is your intended major?)","DefaultChoices":false,"DataExportTag":"major","QuestionID":"QID6","QuestionType":"TE","Selector":"ML","DataVisibility":{"Private":false,"Hidden":false},"Configuration":{"QuestionDescriptionOption":"UseText"},"QuestionDescription":"What is your current major? (If you are not in a major or in a general major, what is your intend...","Validation":{"Settings":{"ForceResponse":"ON","ForceResponseType":"ON","Type":"None"}},"GradingData":[],"Language":[],"NextChoiceId":4,"NextAnswerId":1,"SearchSource":{"AllowFreeResponse":"false"}}},{"SurveyID":"SV_cUgcMhpZQASGbKS","Element":"SQ","PrimaryAttribute":"QID7","SecondaryAttribute":"Frequency using generative AI tools for computing work","TertiaryAttribute":null,"Payload":{"QuestionText":"<b>Frequency<\/b> using generative AI tools for computing work","DefaultChoices":false,"DataExportTag":"genai-frequency","QuestionID":"QID7","QuestionType":"Matrix","Selector":"Likert","SubSelector":"SingleAnswer","DataVisibility":{"Private":false,"Hidden":false},"Configuration":{"QuestionDescriptionOption":"UseText","TextPosition":"inline","ChoiceColumnWidth":25,"RepeatHeaders":"none","WhiteSpace":"OFF","MobileFirst":true},"QuestionDescription":"Frequency using generative AI tools for computing work","Choices":{"1":{"Display":"How would you describe your <strong>frequency<\/strong> using various <strong>AI tools<\/strong> in your various computer science work?"}},"ChoiceOrder":[1],"Validation":{"Settings":{"ForceResponse":"ON","ForceResponseType":"ON","Type":"None"}},"GradingData":[],"Language":[],"NextChoiceId":2,"NextAnswerId":8,"ColumnLabels":[{"Display":"Never","IsLabelDefault":false},{"Display":"multiple times a day","IsLabelDefault":false}],"Answers":{"1":{"Display":"1"},"2":{"Display":"2"},"3":{"Display":"3"},"4":{"Display":"4"},"5":{"Display":"5"},"6":{"Display":"6"},"7":{"Display":"7"}},"AnswerOrder":[1,2,3,4,5,6,7],"ChoiceDataExportTags":false}},{"SurveyID":"SV_cUgcMhpZQASGbKS","Element":"SQ","PrimaryAttribute":"QID8","SecondaryAttribute":"Which AI tool(s) have you used often? (check all)","TertiaryAttribute":null,"Payload":{"QuestionText":"Which <b>AI tool(s)<\/b> have you used often? (check all)","DefaultChoices":false,"DataExportTag":"genai-tool-use","QuestionType":"MC","Selector":"MAVR","SubSelector":"TX","DataVisibility":{"Private":false,"Hidden":false},"Configuration":{"QuestionDescriptionOption":"UseText"},"QuestionDescription":"Which AI tool(s) have you used often? (check all)","Choices":{"1":{"Display":"ChatGPT"},"2":{"Display":"Claude"},"3":{"Display":"Gemini"},"4":{"Display":"Github Copilot"},"5":{"Display":"Cursor"},"6":{"Display":"Windsurf"},"7":{"Display":"Claude Code"},"8":{"Display":"Other","TextEntry":"true"}},"ChoiceOrder":[1,2,3,4,5,6,7,8],"Validation":{"Settings":{"ForceResponse":"ON","ForceResponseType":"ON","Type":"None"}},"GradingData":[],"Language":[],"NextChoiceId":9,"NextAnswerId":1,"QuestionID":"QID8"}},{"SurveyID":"SV_cUgcMhpZQASGbKS","Element":"SQ","PrimaryAttribute":"QID9","SecondaryAttribute":"How often do you use generative AI as part of your daily life?","TertiaryAttribute":null,"Payload":{"QuestionText":"How <b>often<\/b> do you use generative AI as part of your daily life?","DefaultChoices":false,"DataExportTag":"","QuestionID":"QID9","QuestionType":"Matrix","Selector":"Likert","SubSelector":"SingleAnswer","DataVisibility":{"Private":false,"Hidden":false},"Configuration":{"QuestionDescriptionOption":"UseText","TextPosition":"inline","ChoiceColumnWidth":25,"RepeatHeaders":"none","WhiteSpace":"OFF","MobileFirst":true},"QuestionDescription":"How often do you use generative AI as part of your daily life?","Choices":{"1":{"Display":"How often do you use generative AI as part of your daily life?"}},"ChoiceOrder":[1],"Validation":{"Settings":{"ForceResponse":"OFF","Type":"None"}},"GradingData":[],"Language":[],"NextChoiceId":2,"NextAnswerId":8,"Answers":{"1":{"Display":"1"},"2":{"Display":"2"},"3":{"Display":"3"},"4":{"Display":"4"},"5":{"Display":"5"},"6":{"Display":"6"},"7":{"Display":"7"}},"AnswerOrder":[1,2,3,4,5,6,7],"ChoiceDataExportTags":false,"ColumnLabels":[{"Display":"never","IsLabelDefault":false},{"Display":"multiple times a day","IsLabelDefault":false}]}},{"SurveyID":"SV_cUgcMhpZQASGbKS","Element":"STAT","PrimaryAttribute":"Survey Statistics","SecondaryAttribute":null,"TertiaryAttribute":null,"Payload":{"MobileCompatible":true,"ID":"Survey Statistics"}}]}